
Microsoft Visual Studio Solution File, Format Version 12.00
# Visual Studio 2012
Project("{FAE04EC0-301F-11D3-BF4B-00C04F79EFBC}") = "Vehiculos", "Vehiculos\Vehiculos.csproj", "{C7FBCFAF-51AB-45EB-BA46-4B6837C7075D}"
EndProject
Project("{FAE04EC0-301F-11D3-BF4B-00C04F79EFBC}") = "TestVehiculo", "TestVehiculo\TestVehiculo.csproj", "{FEB3E2CB-1A57-48D8-BE8B-5A9F81CE14E2}"
EndProject
Global
	GlobalSection(SolutionConfigurationPlatforms) = preSolution
		Debug|Any CPU = Debug|Any CPU
		Release|Any CPU = Release|Any CPU
	EndGlobalSection
	GlobalSection(ProjectConfigurationPlatforms) = postSolution
		{C7FBCFAF-51AB-45EB-BA46-4B6837C7075D}.Debug|Any CPU.ActiveCfg = Debug|Any CPU
		{C7FBCFAF-51AB-45EB-BA46-4B6837C7075D}.Debug|Any CPU.Build.0 = Debug|Any CPU
		{C7FBCFAF-51AB-45EB-BA46-4B6837C7075D}.Release|Any CPU.ActiveCfg = Release|Any CPU
		{C7FBCFAF-51AB-45EB-BA46-4B6837C7075D}.Release|Any CPU.Build.0 = Release|Any CPU
		{FEB3E2CB-1A57-48D8-BE8B-5A9F81CE14E2}.Debug|Any CPU.ActiveCfg = Debug|Any CPU
		{FEB3E2CB-1A57-48D8-BE8B-5A9F81CE14E2}.Debug|Any CPU.Build.0 = Debug|Any CPU
		{FEB3E2CB-1A57-48D8-BE8B-5A9F81CE14E2}.Release|Any CPU.ActiveCfg = Release|Any CPU
		{FEB3E2CB-1A57-48D8-BE8B-5A9F81CE14E2}.Release|Any CPU.Build.0 = Release|Any CPU
	EndGlobalSection
	GlobalSection(SolutionProperties) = preSolution
		HideSolutionNode = FALSE
	EndGlobalSection
EndGlobal
