
Microsoft Visual Studio Solution File, Format Version 12.00
# Visual Studio 15
VisualStudioVersion = 15.0.27428.2011
MinimumVisualStudioVersion = 10.0.40219.1
Project("{FAE04EC0-301F-11D3-BF4B-00C04F79EFBC}") = "Entidades", "Entidades\Entidades.csproj", "{70ABE99D-B486-46E1-9600-15A705DCB5A1}"
EndProject
Project("{FAE04EC0-301F-11D3-BF4B-00C04F79EFBC}") = "Program", "Program\Program.csproj", "{D0583D5B-1EB2-46D3-8078-F0259471003F}"
EndProject
Global
	GlobalSection(SolutionConfigurationPlatforms) = preSolution
		Debug|Any CPU = Debug|Any CPU
		Release|Any CPU = Release|Any CPU
	EndGlobalSection
	GlobalSection(ProjectConfigurationPlatforms) = postSolution
		{70ABE99D-B486-46E1-9600-15A705DCB5A1}.Debug|Any CPU.ActiveCfg = Debug|Any CPU
		{70ABE99D-B486-46E1-9600-15A705DCB5A1}.Debug|Any CPU.Build.0 = Debug|Any CPU
		{70ABE99D-B486-46E1-9600-15A705DCB5A1}.Release|Any CPU.ActiveCfg = Release|Any CPU
		{70ABE99D-B486-46E1-9600-15A705DCB5A1}.Release|Any CPU.Build.0 = Release|Any CPU
		{D0583D5B-1EB2-46D3-8078-F0259471003F}.Debug|Any CPU.ActiveCfg = Debug|Any CPU
		{D0583D5B-1EB2-46D3-8078-F0259471003F}.Debug|Any CPU.Build.0 = Debug|Any CPU
		{D0583D5B-1EB2-46D3-8078-F0259471003F}.Release|Any CPU.ActiveCfg = Release|Any CPU
		{D0583D5B-1EB2-46D3-8078-F0259471003F}.Release|Any CPU.Build.0 = Release|Any CPU
	EndGlobalSection
	GlobalSection(SolutionProperties) = preSolution
		HideSolutionNode = FALSE
	EndGlobalSection
	GlobalSection(ExtensibilityGlobals) = postSolution
		SolutionGuid = {BC1B7AB0-4C40-44EA-B918-17737AF4FC53}
	EndGlobalSection
EndGlobal
