
Microsoft Visual Studio Solution File, Format Version 12.00
# Visual Studio 15
VisualStudioVersion = 15.0.27428.2011
MinimumVisualStudioVersion = 10.0.40219.1
Project("{FAE04EC0-301F-11D3-BF4B-00C04F79EFBC}") = "Ejercicio01", "Ejercicio01\Ejercicio01.csproj", "{3943B50D-2A21-484E-8057-D50DC1AA2C2F}"
EndProject
Project("{FAE04EC0-301F-11D3-BF4B-00C04F79EFBC}") = "Ejercicio02", "Ejercicio02\Ejercicio02.csproj", "{D096523D-E108-41E9-80CB-D6ABADEC4C9D}"
EndProject
Project("{FAE04EC0-301F-11D3-BF4B-00C04F79EFBC}") = "Ejercicio03", "Ejercicio03\Ejercicio03.csproj", "{6162F194-A2AD-499F-995E-1CFA48D2FD16}"
EndProject
Project("{FAE04EC0-301F-11D3-BF4B-00C04F79EFBC}") = "Ejercicio04", "Ejercicio04\Ejercicio04.csproj", "{CCEEA6EE-9C7B-4BB2-86BF-80A919249822}"
EndProject
Project("{FAE04EC0-301F-11D3-BF4B-00C04F79EFBC}") = "EjerClase02", "EjerClase02\EjerClase02.csproj", "{0763E12E-FF40-4A8B-9191-AEC262086B81}"
EndProject
Project("{FAE04EC0-301F-11D3-BF4B-00C04F79EFBC}") = "EntidadSello", "EntidadSello\EntidadSello.csproj", "{1F0214C2-9EF7-457E-B63A-56F00885038B}"
EndProject
Project("{9A19103F-16F7-4668-BE54-9A1E7A4F7556}") = "Ejercicio05", "Ejercicio05\Ejercicio05.csproj", "{4BB294AE-39D7-454C-AB99-9494042249D1}"
EndProject
Project("{9A19103F-16F7-4668-BE54-9A1E7A4F7556}") = "Ejercicio06", "Ejercicio06\Ejercicio06.csproj", "{04D95A44-8272-48F6-A27F-BD53D754A8AE}"
EndProject
Project("{9A19103F-16F7-4668-BE54-9A1E7A4F7556}") = "Ejercicio07", "Ejercicio07\Ejercicio07.csproj", "{FE6EC8DE-983F-40E6-BD31-4CF2A80C1066}"
EndProject
Project("{9A19103F-16F7-4668-BE54-9A1E7A4F7556}") = "Ejercicio08", "Ejercicio08\Ejercicio08.csproj", "{57C7681A-0175-448B-AB54-3E533BAA5739}"
EndProject
Project("{9A19103F-16F7-4668-BE54-9A1E7A4F7556}") = "Ejercicio09", "Ejercicio09\Ejercicio09.csproj", "{BA47D7C3-7F99-40FB-9A3A-73A0F36BAD88}"
EndProject
Project("{9A19103F-16F7-4668-BE54-9A1E7A4F7556}") = "Ejercicio13", "Ejercicio13\Ejercicio13.csproj", "{B5FF98F7-CF10-47E1-8251-4E62338E3700}"
EndProject
Project("{9A19103F-16F7-4668-BE54-9A1E7A4F7556}") = "Ejercicio11", "Ejercicio11\Ejercicio11.csproj", "{AC5316D6-C6C0-42E3-9279-DE1F58E3EF46}"
EndProject
Project("{9A19103F-16F7-4668-BE54-9A1E7A4F7556}") = "Ejercicio12", "Ejercicio12\Ejercicio12.csproj", "{78B72185-2DE3-4A97-87ED-8D1A3E246746}"
EndProject
Project("{FAE04EC0-301F-11D3-BF4B-00C04F79EFBC}") = "Ejercicio18", "Ejercicio18\Ejercicio18.csproj", "{397A2D19-E52C-43B1-BF6A-78441E717A90}"
EndProject
Project("{9A19103F-16F7-4668-BE54-9A1E7A4F7556}") = "Ejercicio14", "Ejercicio14\Ejercicio14.csproj", "{98BD41EC-EA17-4EED-BEC7-A746D1C87358}"
EndProject
Project("{9A19103F-16F7-4668-BE54-9A1E7A4F7556}") = "Ejercicio15", "Ejercicio15\Ejercicio15.csproj", "{4C789C93-A795-489E-A056-A073E3B12FB5}"
EndProject
Project("{9A19103F-16F7-4668-BE54-9A1E7A4F7556}") = "Ejercicio16", "Ejercicio16\Ejercicio16.csproj", "{D1EC4BF9-8DE3-4C93-9B9E-068CCB72DE43}"
EndProject
Project("{9A19103F-16F7-4668-BE54-9A1E7A4F7556}") = "Ejercicio17", "Ejercicio17\Ejercicio17.csproj", "{28460D52-137C-49E8-85A3-80ED8060E1BB}"
EndProject
Project("{FAE04EC0-301F-11D3-BF4B-00C04F79EFBC}") = "Clase04", "Clase04\Clase04.csproj", "{E5B92E46-6719-4BFF-A481-A9A157D7BAEB}"
EndProject
Project("{FAE04EC0-301F-11D3-BF4B-00C04F79EFBC}") = "Cosa", "Cosa\Cosa.csproj", "{A5D133A2-59BA-45A6-BC74-5B97E964D5CC}"
EndProject
Project("{FAE04EC0-301F-11D3-BF4B-00C04F79EFBC}") = "CosaForms", "CosaForms\CosaForms.csproj", "{AFE17920-A4AB-4FC8-9884-2C48F6E31ED6}"
EndProject
Project("{FAE04EC0-301F-11D3-BF4B-00C04F79EFBC}") = "Entidades", "Entidades\Entidades.csproj", "{668C8A87-0122-41EA-B968-D74B545B7967}"
EndProject
Project("{FAE04EC0-301F-11D3-BF4B-00C04F79EFBC}") = "EntidadesClase06", "EntidadesClase06\EntidadesClase06.csproj", "{A843301C-157F-4B8C-A0E2-228A12632235}"
EndProject
Project("{FAE04EC0-301F-11D3-BF4B-00C04F79EFBC}") = "TestPaleta", "TestPaleta\TestPaleta.csproj", "{EF15D5F9-9492-4170-B6D2-1B3699E8A670}"
EndProject
Project("{FAE04EC0-301F-11D3-BF4B-00C04F79EFBC}") = "TestTinta", "TestTinta\TestTinta.csproj", "{D52D27E4-73BB-42A6-97FF-C13C6A017105}"
EndProject
Project("{9A19103F-16F7-4668-BE54-9A1E7A4F7556}") = "Ejercicio19", "Ejercicio19\Ejercicio19.csproj", "{CB06A83F-831D-4079-A841-4A927525D6A7}"
EndProject
Project("{9A19103F-16F7-4668-BE54-9A1E7A4F7556}") = "Ejercicio20", "Ejercicio20\Ejercicio20.csproj", "{F9ACC12E-D268-4800-8D19-05EC5DD24335}"
EndProject
Project("{9A19103F-16F7-4668-BE54-9A1E7A4F7556}") = "Ejercicio21", "Ejercicio21\Ejercicio21.csproj", "{36DEC936-773D-4D5B-B67E-0F065139756E}"
EndProject
Project("{FAE04EC0-301F-11D3-BF4B-00C04F79EFBC}") = "Conversor", "Conversor\Conversor.csproj", "{B128F7A5-AC3D-4A37-AEAD-90317F823117}"
EndProject
Project("{9A19103F-16F7-4668-BE54-9A1E7A4F7556}") = "Ejercicio22", "Ejercicio22\Ejercicio22.csproj", "{E71EE8EF-B9C2-4B02-9762-2C5A4CAA1D9C}"
EndProject
Project("{FAE04EC0-301F-11D3-BF4B-00C04F79EFBC}") = "Moneda", "Moneda\Moneda.csproj", "{8992B3BB-741C-4360-BE73-100B6E59C916}"
EndProject
Project("{FAE04EC0-301F-11D3-BF4B-00C04F79EFBC}") = "Ejercicio23", "Ejercicio23\Ejercicio23.csproj", "{55847C7A-2D35-4132-8B53-DE95D50007E9}"
EndProject
Project("{FAE04EC0-301F-11D3-BF4B-00C04F79EFBC}") = "Temperatura", "Temperatura\Temperatura.csproj", "{228C29BE-473B-4B3E-A4C0-D208D30629DF}"
EndProject
Project("{FAE04EC0-301F-11D3-BF4B-00C04F79EFBC}") = "Ejercicio24", "Ejercicio24\Ejercicio24.csproj", "{FCF891AD-6E28-4251-82E6-E640ACE13B72}"
EndProject
Project("{FAE04EC0-301F-11D3-BF4B-00C04F79EFBC}") = "Ejercicio25", "Ejercicio25\Ejercicio25.csproj", "{6F4B30DF-737C-49AD-9BA9-F6BC0344E848}"
EndProject
Global
	GlobalSection(SolutionConfigurationPlatforms) = preSolution
		Debug|Any CPU = Debug|Any CPU
		Release|Any CPU = Release|Any CPU
	EndGlobalSection
	GlobalSection(ProjectConfigurationPlatforms) = postSolution
		{3943B50D-2A21-484E-8057-D50DC1AA2C2F}.Debug|Any CPU.ActiveCfg = Debug|Any CPU
		{3943B50D-2A21-484E-8057-D50DC1AA2C2F}.Debug|Any CPU.Build.0 = Debug|Any CPU
		{3943B50D-2A21-484E-8057-D50DC1AA2C2F}.Release|Any CPU.ActiveCfg = Release|Any CPU
		{3943B50D-2A21-484E-8057-D50DC1AA2C2F}.Release|Any CPU.Build.0 = Release|Any CPU
		{D096523D-E108-41E9-80CB-D6ABADEC4C9D}.Debug|Any CPU.ActiveCfg = Debug|Any CPU
		{D096523D-E108-41E9-80CB-D6ABADEC4C9D}.Debug|Any CPU.Build.0 = Debug|Any CPU
		{D096523D-E108-41E9-80CB-D6ABADEC4C9D}.Release|Any CPU.ActiveCfg = Release|Any CPU
		{D096523D-E108-41E9-80CB-D6ABADEC4C9D}.Release|Any CPU.Build.0 = Release|Any CPU
		{6162F194-A2AD-499F-995E-1CFA48D2FD16}.Debug|Any CPU.ActiveCfg = Debug|Any CPU
		{6162F194-A2AD-499F-995E-1CFA48D2FD16}.Debug|Any CPU.Build.0 = Debug|Any CPU
		{6162F194-A2AD-499F-995E-1CFA48D2FD16}.Release|Any CPU.ActiveCfg = Release|Any CPU
		{6162F194-A2AD-499F-995E-1CFA48D2FD16}.Release|Any CPU.Build.0 = Release|Any CPU
		{CCEEA6EE-9C7B-4BB2-86BF-80A919249822}.Debug|Any CPU.ActiveCfg = Debug|Any CPU
		{CCEEA6EE-9C7B-4BB2-86BF-80A919249822}.Debug|Any CPU.Build.0 = Debug|Any CPU
		{CCEEA6EE-9C7B-4BB2-86BF-80A919249822}.Release|Any CPU.ActiveCfg = Release|Any CPU
		{CCEEA6EE-9C7B-4BB2-86BF-80A919249822}.Release|Any CPU.Build.0 = Release|Any CPU
		{0763E12E-FF40-4A8B-9191-AEC262086B81}.Debug|Any CPU.ActiveCfg = Debug|Any CPU
		{0763E12E-FF40-4A8B-9191-AEC262086B81}.Debug|Any CPU.Build.0 = Debug|Any CPU
		{0763E12E-FF40-4A8B-9191-AEC262086B81}.Release|Any CPU.ActiveCfg = Release|Any CPU
		{0763E12E-FF40-4A8B-9191-AEC262086B81}.Release|Any CPU.Build.0 = Release|Any CPU
		{1F0214C2-9EF7-457E-B63A-56F00885038B}.Debug|Any CPU.ActiveCfg = Debug|Any CPU
		{1F0214C2-9EF7-457E-B63A-56F00885038B}.Debug|Any CPU.Build.0 = Debug|Any CPU
		{1F0214C2-9EF7-457E-B63A-56F00885038B}.Release|Any CPU.ActiveCfg = Release|Any CPU
		{1F0214C2-9EF7-457E-B63A-56F00885038B}.Release|Any CPU.Build.0 = Release|Any CPU
		{4BB294AE-39D7-454C-AB99-9494042249D1}.Debug|Any CPU.ActiveCfg = Debug|Any CPU
		{4BB294AE-39D7-454C-AB99-9494042249D1}.Debug|Any CPU.Build.0 = Debug|Any CPU
		{4BB294AE-39D7-454C-AB99-9494042249D1}.Release|Any CPU.ActiveCfg = Release|Any CPU
		{4BB294AE-39D7-454C-AB99-9494042249D1}.Release|Any CPU.Build.0 = Release|Any CPU
		{04D95A44-8272-48F6-A27F-BD53D754A8AE}.Debug|Any CPU.ActiveCfg = Debug|Any CPU
		{04D95A44-8272-48F6-A27F-BD53D754A8AE}.Debug|Any CPU.Build.0 = Debug|Any CPU
		{04D95A44-8272-48F6-A27F-BD53D754A8AE}.Release|Any CPU.ActiveCfg = Release|Any CPU
		{04D95A44-8272-48F6-A27F-BD53D754A8AE}.Release|Any CPU.Build.0 = Release|Any CPU
		{FE6EC8DE-983F-40E6-BD31-4CF2A80C1066}.Debug|Any CPU.ActiveCfg = Debug|Any CPU
		{FE6EC8DE-983F-40E6-BD31-4CF2A80C1066}.Debug|Any CPU.Build.0 = Debug|Any CPU
		{FE6EC8DE-983F-40E6-BD31-4CF2A80C1066}.Release|Any CPU.ActiveCfg = Release|Any CPU
		{FE6EC8DE-983F-40E6-BD31-4CF2A80C1066}.Release|Any CPU.Build.0 = Release|Any CPU
		{57C7681A-0175-448B-AB54-3E533BAA5739}.Debug|Any CPU.ActiveCfg = Debug|Any CPU
		{57C7681A-0175-448B-AB54-3E533BAA5739}.Debug|Any CPU.Build.0 = Debug|Any CPU
		{57C7681A-0175-448B-AB54-3E533BAA5739}.Release|Any CPU.ActiveCfg = Release|Any CPU
		{57C7681A-0175-448B-AB54-3E533BAA5739}.Release|Any CPU.Build.0 = Release|Any CPU
		{BA47D7C3-7F99-40FB-9A3A-73A0F36BAD88}.Debug|Any CPU.ActiveCfg = Debug|Any CPU
		{BA47D7C3-7F99-40FB-9A3A-73A0F36BAD88}.Debug|Any CPU.Build.0 = Debug|Any CPU
		{BA47D7C3-7F99-40FB-9A3A-73A0F36BAD88}.Release|Any CPU.ActiveCfg = Release|Any CPU
		{BA47D7C3-7F99-40FB-9A3A-73A0F36BAD88}.Release|Any CPU.Build.0 = Release|Any CPU
		{B5FF98F7-CF10-47E1-8251-4E62338E3700}.Debug|Any CPU.ActiveCfg = Debug|Any CPU
		{B5FF98F7-CF10-47E1-8251-4E62338E3700}.Debug|Any CPU.Build.0 = Debug|Any CPU
		{B5FF98F7-CF10-47E1-8251-4E62338E3700}.Release|Any CPU.ActiveCfg = Release|Any CPU
		{B5FF98F7-CF10-47E1-8251-4E62338E3700}.Release|Any CPU.Build.0 = Release|Any CPU
		{AC5316D6-C6C0-42E3-9279-DE1F58E3EF46}.Debug|Any CPU.ActiveCfg = Debug|Any CPU
		{AC5316D6-C6C0-42E3-9279-DE1F58E3EF46}.Debug|Any CPU.Build.0 = Debug|Any CPU
		{AC5316D6-C6C0-42E3-9279-DE1F58E3EF46}.Release|Any CPU.ActiveCfg = Release|Any CPU
		{AC5316D6-C6C0-42E3-9279-DE1F58E3EF46}.Release|Any CPU.Build.0 = Release|Any CPU
		{78B72185-2DE3-4A97-87ED-8D1A3E246746}.Debug|Any CPU.ActiveCfg = Debug|Any CPU
		{78B72185-2DE3-4A97-87ED-8D1A3E246746}.Debug|Any CPU.Build.0 = Debug|Any CPU
		{78B72185-2DE3-4A97-87ED-8D1A3E246746}.Release|Any CPU.ActiveCfg = Release|Any CPU
		{78B72185-2DE3-4A97-87ED-8D1A3E246746}.Release|Any CPU.Build.0 = Release|Any CPU
		{397A2D19-E52C-43B1-BF6A-78441E717A90}.Debug|Any CPU.ActiveCfg = Debug|Any CPU
		{397A2D19-E52C-43B1-BF6A-78441E717A90}.Debug|Any CPU.Build.0 = Debug|Any CPU
		{397A2D19-E52C-43B1-BF6A-78441E717A90}.Release|Any CPU.ActiveCfg = Release|Any CPU
		{397A2D19-E52C-43B1-BF6A-78441E717A90}.Release|Any CPU.Build.0 = Release|Any CPU
		{98BD41EC-EA17-4EED-BEC7-A746D1C87358}.Debug|Any CPU.ActiveCfg = Debug|Any CPU
		{98BD41EC-EA17-4EED-BEC7-A746D1C87358}.Debug|Any CPU.Build.0 = Debug|Any CPU
		{98BD41EC-EA17-4EED-BEC7-A746D1C87358}.Release|Any CPU.ActiveCfg = Release|Any CPU
		{98BD41EC-EA17-4EED-BEC7-A746D1C87358}.Release|Any CPU.Build.0 = Release|Any CPU
		{4C789C93-A795-489E-A056-A073E3B12FB5}.Debug|Any CPU.ActiveCfg = Debug|Any CPU
		{4C789C93-A795-489E-A056-A073E3B12FB5}.Debug|Any CPU.Build.0 = Debug|Any CPU
		{4C789C93-A795-489E-A056-A073E3B12FB5}.Release|Any CPU.ActiveCfg = Release|Any CPU
		{4C789C93-A795-489E-A056-A073E3B12FB5}.Release|Any CPU.Build.0 = Release|Any CPU
		{D1EC4BF9-8DE3-4C93-9B9E-068CCB72DE43}.Debug|Any CPU.ActiveCfg = Debug|Any CPU
		{D1EC4BF9-8DE3-4C93-9B9E-068CCB72DE43}.Debug|Any CPU.Build.0 = Debug|Any CPU
		{D1EC4BF9-8DE3-4C93-9B9E-068CCB72DE43}.Release|Any CPU.ActiveCfg = Release|Any CPU
		{D1EC4BF9-8DE3-4C93-9B9E-068CCB72DE43}.Release|Any CPU.Build.0 = Release|Any CPU
		{28460D52-137C-49E8-85A3-80ED8060E1BB}.Debug|Any CPU.ActiveCfg = Debug|Any CPU
		{28460D52-137C-49E8-85A3-80ED8060E1BB}.Debug|Any CPU.Build.0 = Debug|Any CPU
		{28460D52-137C-49E8-85A3-80ED8060E1BB}.Release|Any CPU.ActiveCfg = Release|Any CPU
		{28460D52-137C-49E8-85A3-80ED8060E1BB}.Release|Any CPU.Build.0 = Release|Any CPU
		{E5B92E46-6719-4BFF-A481-A9A157D7BAEB}.Debug|Any CPU.ActiveCfg = Debug|Any CPU
		{E5B92E46-6719-4BFF-A481-A9A157D7BAEB}.Debug|Any CPU.Build.0 = Debug|Any CPU
		{E5B92E46-6719-4BFF-A481-A9A157D7BAEB}.Release|Any CPU.ActiveCfg = Release|Any CPU
		{E5B92E46-6719-4BFF-A481-A9A157D7BAEB}.Release|Any CPU.Build.0 = Release|Any CPU
		{A5D133A2-59BA-45A6-BC74-5B97E964D5CC}.Debug|Any CPU.ActiveCfg = Debug|Any CPU
		{A5D133A2-59BA-45A6-BC74-5B97E964D5CC}.Debug|Any CPU.Build.0 = Debug|Any CPU
		{A5D133A2-59BA-45A6-BC74-5B97E964D5CC}.Release|Any CPU.ActiveCfg = Release|Any CPU
		{A5D133A2-59BA-45A6-BC74-5B97E964D5CC}.Release|Any CPU.Build.0 = Release|Any CPU
		{AFE17920-A4AB-4FC8-9884-2C48F6E31ED6}.Debug|Any CPU.ActiveCfg = Debug|Any CPU
		{AFE17920-A4AB-4FC8-9884-2C48F6E31ED6}.Debug|Any CPU.Build.0 = Debug|Any CPU
		{AFE17920-A4AB-4FC8-9884-2C48F6E31ED6}.Release|Any CPU.ActiveCfg = Release|Any CPU
		{AFE17920-A4AB-4FC8-9884-2C48F6E31ED6}.Release|Any CPU.Build.0 = Release|Any CPU
		{668C8A87-0122-41EA-B968-D74B545B7967}.Debug|Any CPU.ActiveCfg = Debug|Any CPU
		{668C8A87-0122-41EA-B968-D74B545B7967}.Debug|Any CPU.Build.0 = Debug|Any CPU
		{668C8A87-0122-41EA-B968-D74B545B7967}.Release|Any CPU.ActiveCfg = Release|Any CPU
		{668C8A87-0122-41EA-B968-D74B545B7967}.Release|Any CPU.Build.0 = Release|Any CPU
		{A843301C-157F-4B8C-A0E2-228A12632235}.Debug|Any CPU.ActiveCfg = Debug|Any CPU
		{A843301C-157F-4B8C-A0E2-228A12632235}.Debug|Any CPU.Build.0 = Debug|Any CPU
		{A843301C-157F-4B8C-A0E2-228A12632235}.Release|Any CPU.ActiveCfg = Release|Any CPU
		{A843301C-157F-4B8C-A0E2-228A12632235}.Release|Any CPU.Build.0 = Release|Any CPU
		{EF15D5F9-9492-4170-B6D2-1B3699E8A670}.Debug|Any CPU.ActiveCfg = Debug|Any CPU
		{EF15D5F9-9492-4170-B6D2-1B3699E8A670}.Debug|Any CPU.Build.0 = Debug|Any CPU
		{EF15D5F9-9492-4170-B6D2-1B3699E8A670}.Release|Any CPU.ActiveCfg = Release|Any CPU
		{EF15D5F9-9492-4170-B6D2-1B3699E8A670}.Release|Any CPU.Build.0 = Release|Any CPU
		{D52D27E4-73BB-42A6-97FF-C13C6A017105}.Debug|Any CPU.ActiveCfg = Debug|Any CPU
		{D52D27E4-73BB-42A6-97FF-C13C6A017105}.Debug|Any CPU.Build.0 = Debug|Any CPU
		{D52D27E4-73BB-42A6-97FF-C13C6A017105}.Release|Any CPU.ActiveCfg = Release|Any CPU
		{D52D27E4-73BB-42A6-97FF-C13C6A017105}.Release|Any CPU.Build.0 = Release|Any CPU
		{CB06A83F-831D-4079-A841-4A927525D6A7}.Debug|Any CPU.ActiveCfg = Debug|Any CPU
		{CB06A83F-831D-4079-A841-4A927525D6A7}.Debug|Any CPU.Build.0 = Debug|Any CPU
		{CB06A83F-831D-4079-A841-4A927525D6A7}.Release|Any CPU.ActiveCfg = Release|Any CPU
		{CB06A83F-831D-4079-A841-4A927525D6A7}.Release|Any CPU.Build.0 = Release|Any CPU
		{F9ACC12E-D268-4800-8D19-05EC5DD24335}.Debug|Any CPU.ActiveCfg = Debug|Any CPU
		{F9ACC12E-D268-4800-8D19-05EC5DD24335}.Debug|Any CPU.Build.0 = Debug|Any CPU
		{F9ACC12E-D268-4800-8D19-05EC5DD24335}.Release|Any CPU.ActiveCfg = Release|Any CPU
		{F9ACC12E-D268-4800-8D19-05EC5DD24335}.Release|Any CPU.Build.0 = Release|Any CPU
		{36DEC936-773D-4D5B-B67E-0F065139756E}.Debug|Any CPU.ActiveCfg = Debug|Any CPU
		{36DEC936-773D-4D5B-B67E-0F065139756E}.Debug|Any CPU.Build.0 = Debug|Any CPU
		{36DEC936-773D-4D5B-B67E-0F065139756E}.Release|Any CPU.ActiveCfg = Release|Any CPU
		{36DEC936-773D-4D5B-B67E-0F065139756E}.Release|Any CPU.Build.0 = Release|Any CPU
		{B128F7A5-AC3D-4A37-AEAD-90317F823117}.Debug|Any CPU.ActiveCfg = Debug|Any CPU
		{B128F7A5-AC3D-4A37-AEAD-90317F823117}.Debug|Any CPU.Build.0 = Debug|Any CPU
		{B128F7A5-AC3D-4A37-AEAD-90317F823117}.Release|Any CPU.ActiveCfg = Release|Any CPU
		{B128F7A5-AC3D-4A37-AEAD-90317F823117}.Release|Any CPU.Build.0 = Release|Any CPU
		{E71EE8EF-B9C2-4B02-9762-2C5A4CAA1D9C}.Debug|Any CPU.ActiveCfg = Debug|Any CPU
		{E71EE8EF-B9C2-4B02-9762-2C5A4CAA1D9C}.Debug|Any CPU.Build.0 = Debug|Any CPU
		{E71EE8EF-B9C2-4B02-9762-2C5A4CAA1D9C}.Release|Any CPU.ActiveCfg = Release|Any CPU
		{E71EE8EF-B9C2-4B02-9762-2C5A4CAA1D9C}.Release|Any CPU.Build.0 = Release|Any CPU
		{8992B3BB-741C-4360-BE73-100B6E59C916}.Debug|Any CPU.ActiveCfg = Debug|Any CPU
		{8992B3BB-741C-4360-BE73-100B6E59C916}.Debug|Any CPU.Build.0 = Debug|Any CPU
		{8992B3BB-741C-4360-BE73-100B6E59C916}.Release|Any CPU.ActiveCfg = Release|Any CPU
		{8992B3BB-741C-4360-BE73-100B6E59C916}.Release|Any CPU.Build.0 = Release|Any CPU
		{55847C7A-2D35-4132-8B53-DE95D50007E9}.Debug|Any CPU.ActiveCfg = Debug|Any CPU
		{55847C7A-2D35-4132-8B53-DE95D50007E9}.Debug|Any CPU.Build.0 = Debug|Any CPU
		{55847C7A-2D35-4132-8B53-DE95D50007E9}.Release|Any CPU.ActiveCfg = Release|Any CPU
		{55847C7A-2D35-4132-8B53-DE95D50007E9}.Release|Any CPU.Build.0 = Release|Any CPU
		{228C29BE-473B-4B3E-A4C0-D208D30629DF}.Debug|Any CPU.ActiveCfg = Debug|Any CPU
		{228C29BE-473B-4B3E-A4C0-D208D30629DF}.Debug|Any CPU.Build.0 = Debug|Any CPU
		{228C29BE-473B-4B3E-A4C0-D208D30629DF}.Release|Any CPU.ActiveCfg = Release|Any CPU
		{228C29BE-473B-4B3E-A4C0-D208D30629DF}.Release|Any CPU.Build.0 = Release|Any CPU
		{FCF891AD-6E28-4251-82E6-E640ACE13B72}.Debug|Any CPU.ActiveCfg = Debug|Any CPU
		{FCF891AD-6E28-4251-82E6-E640ACE13B72}.Debug|Any CPU.Build.0 = Debug|Any CPU
		{FCF891AD-6E28-4251-82E6-E640ACE13B72}.Release|Any CPU.ActiveCfg = Release|Any CPU
		{FCF891AD-6E28-4251-82E6-E640ACE13B72}.Release|Any CPU.Build.0 = Release|Any CPU
		{6F4B30DF-737C-49AD-9BA9-F6BC0344E848}.Debug|Any CPU.ActiveCfg = Debug|Any CPU
		{6F4B30DF-737C-49AD-9BA9-F6BC0344E848}.Debug|Any CPU.Build.0 = Debug|Any CPU
		{6F4B30DF-737C-49AD-9BA9-F6BC0344E848}.Release|Any CPU.ActiveCfg = Release|Any CPU
		{6F4B30DF-737C-49AD-9BA9-F6BC0344E848}.Release|Any CPU.Build.0 = Release|Any CPU
	EndGlobalSection
	GlobalSection(SolutionProperties) = preSolution
		HideSolutionNode = FALSE
	EndGlobalSection
	GlobalSection(ExtensibilityGlobals) = postSolution
		SolutionGuid = {834EF424-6B8C-4641-A52E-EFBA2B7ABA10}
	EndGlobalSection
EndGlobal
