
Microsoft Visual Studio Solution File, Format Version 12.00
# Visual Studio 2012
Project("{FAE04EC0-301F-11D3-BF4B-00C04F79EFBC}") = "Entidades", "Entidades\Entidades.csproj", "{87B91EE7-2E70-4701-9347-10C5E4997728}"
EndProject
Project("{FAE04EC0-301F-11D3-BF4B-00C04F79EFBC}") = "TestAula", "TestAula\TestAula.csproj", "{E56BE505-6B93-4E54-A629-63452E91B300}"
EndProject
Global
	GlobalSection(SolutionConfigurationPlatforms) = preSolution
		Debug|Any CPU = Debug|Any CPU
		Release|Any CPU = Release|Any CPU
	EndGlobalSection
	GlobalSection(ProjectConfigurationPlatforms) = postSolution
		{87B91EE7-2E70-4701-9347-10C5E4997728}.Debug|Any CPU.ActiveCfg = Debug|Any CPU
		{87B91EE7-2E70-4701-9347-10C5E4997728}.Debug|Any CPU.Build.0 = Debug|Any CPU
		{87B91EE7-2E70-4701-9347-10C5E4997728}.Release|Any CPU.ActiveCfg = Release|Any CPU
		{87B91EE7-2E70-4701-9347-10C5E4997728}.Release|Any CPU.Build.0 = Release|Any CPU
		{E56BE505-6B93-4E54-A629-63452E91B300}.Debug|Any CPU.ActiveCfg = Debug|Any CPU
		{E56BE505-6B93-4E54-A629-63452E91B300}.Debug|Any CPU.Build.0 = Debug|Any CPU
		{E56BE505-6B93-4E54-A629-63452E91B300}.Release|Any CPU.ActiveCfg = Release|Any CPU
		{E56BE505-6B93-4E54-A629-63452E91B300}.Release|Any CPU.Build.0 = Release|Any CPU
	EndGlobalSection
	GlobalSection(SolutionProperties) = preSolution
		HideSolutionNode = FALSE
	EndGlobalSection
EndGlobal
