
Microsoft Visual Studio Solution File, Format Version 12.00
# Visual Studio 15
VisualStudioVersion = 15.0.27428.2011
MinimumVisualStudioVersion = 10.0.40219.1
Project("{FAE04EC0-301F-11D3-BF4B-00C04F79EFBC}") = "SP", "SP\SP.csproj", "{350E1582-EE69-4E9C-8AA9-4607CE473381}"
EndProject
Project("{FAE04EC0-301F-11D3-BF4B-00C04F79EFBC}") = "Entidades", "Entidades\Entidades.csproj", "{16C4A1D6-2AFC-40A9-AE54-20A2DED7C65B}"
EndProject
Global
	GlobalSection(SolutionConfigurationPlatforms) = preSolution
		Debug|Any CPU = Debug|Any CPU
		Debug|Mixed Platforms = Debug|Mixed Platforms
		Debug|x86 = Debug|x86
		Release|Any CPU = Release|Any CPU
		Release|Mixed Platforms = Release|Mixed Platforms
		Release|x86 = Release|x86
	EndGlobalSection
	GlobalSection(ProjectConfigurationPlatforms) = postSolution
		{350E1582-EE69-4E9C-8AA9-4607CE473381}.Debug|Any CPU.ActiveCfg = Debug|Any CPU
		{350E1582-EE69-4E9C-8AA9-4607CE473381}.Debug|Any CPU.Build.0 = Debug|Any CPU
		{350E1582-EE69-4E9C-8AA9-4607CE473381}.Debug|Mixed Platforms.ActiveCfg = Debug|Any CPU
		{350E1582-EE69-4E9C-8AA9-4607CE473381}.Debug|Mixed Platforms.Build.0 = Debug|Any CPU
		{350E1582-EE69-4E9C-8AA9-4607CE473381}.Debug|x86.ActiveCfg = Debug|Any CPU
		{350E1582-EE69-4E9C-8AA9-4607CE473381}.Release|Any CPU.ActiveCfg = Release|Any CPU
		{350E1582-EE69-4E9C-8AA9-4607CE473381}.Release|Any CPU.Build.0 = Release|Any CPU
		{350E1582-EE69-4E9C-8AA9-4607CE473381}.Release|Mixed Platforms.ActiveCfg = Release|Any CPU
		{350E1582-EE69-4E9C-8AA9-4607CE473381}.Release|Mixed Platforms.Build.0 = Release|Any CPU
		{350E1582-EE69-4E9C-8AA9-4607CE473381}.Release|x86.ActiveCfg = Release|Any CPU
		{16C4A1D6-2AFC-40A9-AE54-20A2DED7C65B}.Debug|Any CPU.ActiveCfg = Debug|Any CPU
		{16C4A1D6-2AFC-40A9-AE54-20A2DED7C65B}.Debug|Any CPU.Build.0 = Debug|Any CPU
		{16C4A1D6-2AFC-40A9-AE54-20A2DED7C65B}.Debug|Mixed Platforms.ActiveCfg = Debug|Any CPU
		{16C4A1D6-2AFC-40A9-AE54-20A2DED7C65B}.Debug|Mixed Platforms.Build.0 = Debug|Any CPU
		{16C4A1D6-2AFC-40A9-AE54-20A2DED7C65B}.Debug|x86.ActiveCfg = Debug|Any CPU
		{16C4A1D6-2AFC-40A9-AE54-20A2DED7C65B}.Debug|x86.Build.0 = Debug|Any CPU
		{16C4A1D6-2AFC-40A9-AE54-20A2DED7C65B}.Release|Any CPU.ActiveCfg = Release|Any CPU
		{16C4A1D6-2AFC-40A9-AE54-20A2DED7C65B}.Release|Any CPU.Build.0 = Release|Any CPU
		{16C4A1D6-2AFC-40A9-AE54-20A2DED7C65B}.Release|Mixed Platforms.ActiveCfg = Release|Any CPU
		{16C4A1D6-2AFC-40A9-AE54-20A2DED7C65B}.Release|Mixed Platforms.Build.0 = Release|Any CPU
		{16C4A1D6-2AFC-40A9-AE54-20A2DED7C65B}.Release|x86.ActiveCfg = Release|Any CPU
		{16C4A1D6-2AFC-40A9-AE54-20A2DED7C65B}.Release|x86.Build.0 = Release|Any CPU
	EndGlobalSection
	GlobalSection(SolutionProperties) = preSolution
		HideSolutionNode = FALSE
	EndGlobalSection
	GlobalSection(ExtensibilityGlobals) = postSolution
		SolutionGuid = {7ACB7BF9-5D7E-454A-AFDB-D74A82B99870}
	EndGlobalSection
EndGlobal
