
Microsoft Visual Studio Solution File, Format Version 12.00
# Visual Studio 15
VisualStudioVersion = 15.0.27428.2011
MinimumVisualStudioVersion = 10.0.40219.1
Project("{FAE04EC0-301F-11D3-BF4B-00C04F79EFBC}") = "EntidadesCentralita", "EntidadesCentralita\EntidadesCentralita.csproj", "{8EB2B974-D60E-4927-BF2B-EF00C6604282}"
EndProject
Project("{FAE04EC0-301F-11D3-BF4B-00C04F79EFBC}") = "CentralitaForm", "CentralitaForm\CentralitaForm.csproj", "{12CEED67-0E7E-4437-A98D-0F0DE2967BBE}"
EndProject
Global
	GlobalSection(SolutionConfigurationPlatforms) = preSolution
		Debug|Any CPU = Debug|Any CPU
		Release|Any CPU = Release|Any CPU
	EndGlobalSection
	GlobalSection(ProjectConfigurationPlatforms) = postSolution
		{8EB2B974-D60E-4927-BF2B-EF00C6604282}.Debug|Any CPU.ActiveCfg = Debug|Any CPU
		{8EB2B974-D60E-4927-BF2B-EF00C6604282}.Debug|Any CPU.Build.0 = Debug|Any CPU
		{8EB2B974-D60E-4927-BF2B-EF00C6604282}.Release|Any CPU.ActiveCfg = Release|Any CPU
		{8EB2B974-D60E-4927-BF2B-EF00C6604282}.Release|Any CPU.Build.0 = Release|Any CPU
		{12CEED67-0E7E-4437-A98D-0F0DE2967BBE}.Debug|Any CPU.ActiveCfg = Debug|Any CPU
		{12CEED67-0E7E-4437-A98D-0F0DE2967BBE}.Debug|Any CPU.Build.0 = Debug|Any CPU
		{12CEED67-0E7E-4437-A98D-0F0DE2967BBE}.Release|Any CPU.ActiveCfg = Release|Any CPU
		{12CEED67-0E7E-4437-A98D-0F0DE2967BBE}.Release|Any CPU.Build.0 = Release|Any CPU
	EndGlobalSection
	GlobalSection(SolutionProperties) = preSolution
		HideSolutionNode = FALSE
	EndGlobalSection
	GlobalSection(ExtensibilityGlobals) = postSolution
		SolutionGuid = {91469C38-A9D1-4E47-AF3A-E8B19C8E366F}
	EndGlobalSection
EndGlobal
